
Microsoft Visual Studio Solution File, Format Version 12.00
# Visual Studio Version 17
VisualStudioVersion = 17.9.34728.123
MinimumVisualStudioVersion = 10.0.40219.1
Project("{9A19103F-16F7-4668-BE54-9A1E7A4F7556}") = "RegistroTecnicoss", "RegistroTecnicoss\RegistroTecnicoss.csproj", "{5FAAF0D6-72B6-4F3D-8F8E-D611F181FEC1}"
EndProject
Global
	GlobalSection(SolutionConfigurationPlatforms) = preSolution
		Debug|Any CPU = Debug|Any CPU
		Release|Any CPU = Release|Any CPU
	EndGlobalSection
	GlobalSection(ProjectConfigurationPlatforms) = postSolution
		{5FAAF0D6-72B6-4F3D-8F8E-D611F181FEC1}.Debug|Any CPU.ActiveCfg = Debug|Any CPU
		{5FAAF0D6-72B6-4F3D-8F8E-D611F181FEC1}.Debug|Any CPU.Build.0 = Debug|Any CPU
		{5FAAF0D6-72B6-4F3D-8F8E-D611F181FEC1}.Release|Any CPU.ActiveCfg = Release|Any CPU
		{5FAAF0D6-72B6-4F3D-8F8E-D611F181FEC1}.Release|Any CPU.Build.0 = Release|Any CPU
	EndGlobalSection
	GlobalSection(SolutionProperties) = preSolution
		HideSolutionNode = FALSE
	EndGlobalSection
	GlobalSection(ExtensibilityGlobals) = postSolution
		SolutionGuid = {32BEAD96-3E9C-4210-8183-5E6ADCCE5E28}
	EndGlobalSection
EndGlobal
